{
  "name": "@darkwilly08/app-bar",
  "version": "0.1.2",
  "lockfileVersion": 2,
  "requires": true,
  "packages": {
    "": {
      "name": "@darkwilly08/app-bar",
      "version": "1.0.0",
      "license": "ISC",
      "dependencies": {
        "@darkwilly08/icon-wrapper": "^1.0.0"
      }
    },
    "../icon-wrapper": {
      "name": "@darkwilly08/icon-wrapper",
      "version": "1.0.0",
      "extraneous": true,
      "license": "ISC"
    },
    "node_modules/@darkwilly08/icon-wrapper": {
      "version": "1.0.0",
      "resolved": "https://registry.npmjs.org/@darkwilly08/icon-wrapper/-/icon-wrapper-1.0.0.tgz",
      "integrity": "sha512-0t+IHHbnzybJcRjutorR7wk4TWAeqTPnbB9Y4iRbQp6OQtgagrB+dbPD4XybyBq3GDYGuZ6vPmYfobnU/zCkMg=="
    }
  },
  "dependencies": {
    "@darkwilly08/icon-wrapper": {
      "version": "1.0.0",
      "resolved": "https://registry.npmjs.org/@darkwilly08/icon-wrapper/-/icon-wrapper-1.0.0.tgz",
      "integrity": "sha512-0t+IHHbnzybJcRjutorR7wk4TWAeqTPnbB9Y4iRbQp6OQtgagrB+dbPD4XybyBq3GDYGuZ6vPmYfobnU/zCkMg=="
    }
  }
}
