{
  "name": "@darkwilly08/app-bar",
  "version": "0.1.5",
  "lockfileVersion": 2,
  "requires": true,
  "packages": {
    "": {
      "name": "@darkwilly08/app-bar",
      "version": "0.1.4",
      "license": "ISC",
      "dependencies": {
        "@darkwilly08/button": "^0.1.4"
      }
    },
    "../icon-wrapper": {
      "name": "@darkwilly08/icon-wrapper",
      "version": "1.0.0",
      "extraneous": true,
      "license": "ISC"
    },
    "node_modules/@darkwilly08/button": {
      "version": "0.1.4",
      "resolved": "https://registry.npmjs.org/@darkwilly08/button/-/button-0.1.4.tgz",
      "integrity": "sha512-dTy2sq9mN+6B+DsOcg7kTRDAW/5m2Ks7k0yYY5rUQ6F6gEYEKPg+WDdkqH944P6Hy8XUNbXPS4flYtzoQhAgiw==",
      "dependencies": {
        "@darkwilly08/icon-wrapper": "^0.1.4"
      }
    },
    "node_modules/@darkwilly08/icon-wrapper": {
      "version": "0.1.4",
      "resolved": "https://registry.npmjs.org/@darkwilly08/icon-wrapper/-/icon-wrapper-0.1.4.tgz",
      "integrity": "sha512-iuGPvPa+hd5NXxdeRgrlNi5euVbE4gYJQEtYjJOskH3rg7h8YIuZNhCVWRrZN2fu0QDgXMrfVJITMTQGqqr86Q=="
    }
  },
  "dependencies": {
    "@darkwilly08/button": {
      "version": "0.1.4",
      "resolved": "https://registry.npmjs.org/@darkwilly08/button/-/button-0.1.4.tgz",
      "integrity": "sha512-dTy2sq9mN+6B+DsOcg7kTRDAW/5m2Ks7k0yYY5rUQ6F6gEYEKPg+WDdkqH944P6Hy8XUNbXPS4flYtzoQhAgiw==",
      "requires": {
        "@darkwilly08/icon-wrapper": "^0.1.4"
      }
    },
    "@darkwilly08/icon-wrapper": {
      "version": "0.1.4",
      "resolved": "https://registry.npmjs.org/@darkwilly08/icon-wrapper/-/icon-wrapper-0.1.4.tgz",
      "integrity": "sha512-iuGPvPa+hd5NXxdeRgrlNi5euVbE4gYJQEtYjJOskH3rg7h8YIuZNhCVWRrZN2fu0QDgXMrfVJITMTQGqqr86Q=="
    }
  }
}
