{
  "name": "@darkwilly08/app-bar",
  "version": "1.0.0",
  "lockfileVersion": 2,
  "requires": true,
  "packages": {
    "": {
      "name": "@darkwilly08/app-bar",
      "version": "1.0.0",
      "license": "ISC",
      "dependencies": {
        "@darkwilly08/icon-wrapper": "file:../icon-wrapper"
      }
    },
    "../icon-wrapper": {
      "version": "1.0.0",
      "license": "ISC"
    },
    "node_modules/@darkwilly08/icon-wrapper": {
      "resolved": "../icon-wrapper",
      "link": true
    }
  },
  "dependencies": {
    "@darkwilly08/icon-wrapper": {
      "version": "file:../icon-wrapper"
    }
  }
}
