{
  "name": "@darkwilly08/item",
  "lockfileVersion": 2,
  "requires": true,
  "packages": {
    "": {
      "name": "@darkwilly08/item",
      "license": "ISC",
      "dependencies": {
        "@darkwilly08/icon-wrapper": "^0.1.3"
      }
    },
    "node_modules/@darkwilly08/icon-wrapper": {
      "version": "0.1.3",
      "resolved": "https://registry.npmjs.org/@darkwilly08/icon-wrapper/-/icon-wrapper-0.1.3.tgz",
      "integrity": "sha512-b9XVWzeJDldhBfECkykNpVqD8A9YJFSii7By558gqA7IEi6XtcWL+zRp15LkU+EscOm3RWAt0CI/5i7StSewRA=="
    }
  },
  "dependencies": {
    "@darkwilly08/icon-wrapper": {
      "version": "0.1.3",
      "resolved": "https://registry.npmjs.org/@darkwilly08/icon-wrapper/-/icon-wrapper-0.1.3.tgz",
      "integrity": "sha512-b9XVWzeJDldhBfECkykNpVqD8A9YJFSii7By558gqA7IEi6XtcWL+zRp15LkU+EscOm3RWAt0CI/5i7StSewRA=="
    }
  },
  "version": "0.1.4"
}
